
Microsoft Visual Studio Solution File, Format Version 12.00
# Visual Studio 15
VisualStudioVersion = 15.0.28307.1622
MinimumVisualStudioVersion = 10.0.40219.1
Project("{FAE04EC0-301F-11D3-BF4B-00C04F79EFBC}") = "Pilkarze", "Pilkarze\Pilkarze.csproj", "{369873DC-393D-47E5-BA48-4970631486CC}"
EndProject
Global
	GlobalSection(SolutionConfigurationPlatforms) = preSolution
		Debug|Any CPU = Debug|Any CPU
		Release|Any CPU = Release|Any CPU
	EndGlobalSection
	GlobalSection(ProjectConfigurationPlatforms) = postSolution
		{369873DC-393D-47E5-BA48-4970631486CC}.Debug|Any CPU.ActiveCfg = Debug|Any CPU
		{369873DC-393D-47E5-BA48-4970631486CC}.Debug|Any CPU.Build.0 = Debug|Any CPU
		{369873DC-393D-47E5-BA48-4970631486CC}.Release|Any CPU.ActiveCfg = Release|Any CPU
		{369873DC-393D-47E5-BA48-4970631486CC}.Release|Any CPU.Build.0 = Release|Any CPU
	EndGlobalSection
	GlobalSection(SolutionProperties) = preSolution
		HideSolutionNode = FALSE
	EndGlobalSection
	GlobalSection(ExtensibilityGlobals) = postSolution
		SolutionGuid = {40930E77-C3AD-4FD7-B64F-87C34B8363FE}
	EndGlobalSection
EndGlobal
