
Microsoft Visual Studio Solution File, Format Version 12.00
# Visual Studio Version 16
VisualStudioVersion = 16.0.30503.244
MinimumVisualStudioVersion = 10.0.40219.1
Project("{FAE04EC0-301F-11D3-BF4B-00C04F79EFBC}") = "Pilkarze", "Pilkarze\Pilkarze.csproj", "{369873DC-393D-47E5-BA48-4970631486CC}"
EndProject
Project("{F14B399A-7131-4C87-9E4B-1186C45EF12D}") = "Report Project3", "Report Project3\Report Project3.rptproj", "{E44CEC43-3DBA-4CF0-8A99-946A15862392}"
EndProject
Global
	GlobalSection(SolutionConfigurationPlatforms) = preSolution
		Debug|Any CPU = Debug|Any CPU
		DebugLocal|Any CPU = DebugLocal|Any CPU
		Release|Any CPU = Release|Any CPU
	EndGlobalSection
	GlobalSection(ProjectConfigurationPlatforms) = postSolution
		{369873DC-393D-47E5-BA48-4970631486CC}.Debug|Any CPU.ActiveCfg = Debug|Any CPU
		{369873DC-393D-47E5-BA48-4970631486CC}.Debug|Any CPU.Build.0 = Debug|Any CPU
		{369873DC-393D-47E5-BA48-4970631486CC}.DebugLocal|Any CPU.ActiveCfg = Debug|Any CPU
		{369873DC-393D-47E5-BA48-4970631486CC}.DebugLocal|Any CPU.Build.0 = Debug|Any CPU
		{369873DC-393D-47E5-BA48-4970631486CC}.Release|Any CPU.ActiveCfg = Release|Any CPU
		{369873DC-393D-47E5-BA48-4970631486CC}.Release|Any CPU.Build.0 = Release|Any CPU
		{E44CEC43-3DBA-4CF0-8A99-946A15862392}.Debug|Any CPU.ActiveCfg = Debug
		{E44CEC43-3DBA-4CF0-8A99-946A15862392}.Debug|Any CPU.Build.0 = Debug
		{E44CEC43-3DBA-4CF0-8A99-946A15862392}.Debug|Any CPU.Deploy.0 = Debug
		{E44CEC43-3DBA-4CF0-8A99-946A15862392}.DebugLocal|Any CPU.ActiveCfg = DebugLocal
		{E44CEC43-3DBA-4CF0-8A99-946A15862392}.DebugLocal|Any CPU.Build.0 = DebugLocal
		{E44CEC43-3DBA-4CF0-8A99-946A15862392}.Release|Any CPU.ActiveCfg = Release
		{E44CEC43-3DBA-4CF0-8A99-946A15862392}.Release|Any CPU.Build.0 = Release
		{E44CEC43-3DBA-4CF0-8A99-946A15862392}.Release|Any CPU.Deploy.0 = Release
	EndGlobalSection
	GlobalSection(SolutionProperties) = preSolution
		HideSolutionNode = FALSE
	EndGlobalSection
	GlobalSection(ExtensibilityGlobals) = postSolution
		SolutionGuid = {40930E77-C3AD-4FD7-B64F-87C34B8363FE}
	EndGlobalSection
EndGlobal
